
Microsoft Visual Studio Solution File, Format Version 12.00
# Visual Studio Version 16
VisualStudioVersion = 16.0.32002.261
MinimumVisualStudioVersion = 10.0.40219.1
Project("{FAE04EC0-301F-11D3-BF4B-00C04F79EFBC}") = "費式數列計算機", "費式數列計算機.csproj", "{C8008E11-F514-4A1C-A286-6BFE610AB38D}"
EndProject
Global
	GlobalSection(SolutionConfigurationPlatforms) = preSolution
		Debug|Any CPU = Debug|Any CPU
		Release|Any CPU = Release|Any CPU
	EndGlobalSection
	GlobalSection(ProjectConfigurationPlatforms) = postSolution
		{C8008E11-F514-4A1C-A286-6BFE610AB38D}.Debug|Any CPU.ActiveCfg = Debug|Any CPU
		{C8008E11-F514-4A1C-A286-6BFE610AB38D}.Debug|Any CPU.Build.0 = Debug|Any CPU
		{C8008E11-F514-4A1C-A286-6BFE610AB38D}.Release|Any CPU.ActiveCfg = Release|Any CPU
		{C8008E11-F514-4A1C-A286-6BFE610AB38D}.Release|Any CPU.Build.0 = Release|Any CPU
	EndGlobalSection
	GlobalSection(SolutionProperties) = preSolution
		HideSolutionNode = FALSE
	EndGlobalSection
	GlobalSection(ExtensibilityGlobals) = postSolution
		SolutionGuid = {6C25D945-782E-4F37-A145-3FEBCE534399}
	EndGlobalSection
EndGlobal
